
Microsoft Visual Studio Solution File, Format Version 12.00
# Visual Studio 15
Project("{FAE04EC0-301F-11D3-BF4B-00C04F79EFBC}") = "Assembly-CSharp-Editor", "Assembly-CSharp-Editor.csproj", "{8FF1CAFD-F8BE-28D7-DE18-DA43757FCA60}"
EndProject
Project("{FAE04EC0-301F-11D3-BF4B-00C04F79EFBC}") = "Assembly-CSharp", "Assembly-CSharp.csproj", "{47CF895E-8763-C357-57BC-402CCAC6D602}"
EndProject
Global
	GlobalSection(SolutionConfigurationPlatforms) = preSolution
		Debug|Any CPU = Debug|Any CPU
		Release|Any CPU = Release|Any CPU
	EndGlobalSection
	GlobalSection(ProjectConfigurationPlatforms) = postSolution
		{8FF1CAFD-F8BE-28D7-DE18-DA43757FCA60}.Debug|Any CPU.ActiveCfg = Debug|Any CPU
		{8FF1CAFD-F8BE-28D7-DE18-DA43757FCA60}.Debug|Any CPU.Build.0 = Debug|Any CPU
		{8FF1CAFD-F8BE-28D7-DE18-DA43757FCA60}.Release|Any CPU.ActiveCfg = Release|Any CPU
		{8FF1CAFD-F8BE-28D7-DE18-DA43757FCA60}.Release|Any CPU.Build.0 = Release|Any CPU
		{47CF895E-8763-C357-57BC-402CCAC6D602}.Debug|Any CPU.ActiveCfg = Debug|Any CPU
		{47CF895E-8763-C357-57BC-402CCAC6D602}.Debug|Any CPU.Build.0 = Debug|Any CPU
		{47CF895E-8763-C357-57BC-402CCAC6D602}.Release|Any CPU.ActiveCfg = Release|Any CPU
		{47CF895E-8763-C357-57BC-402CCAC6D602}.Release|Any CPU.Build.0 = Release|Any CPU
	EndGlobalSection
	GlobalSection(SolutionProperties) = preSolution
		HideSolutionNode = FALSE
	EndGlobalSection
EndGlobal
